
Microsoft Visual Studio Solution File, Format Version 12.00
# Visual Studio Version 16
VisualStudioVersion = 16.0.31112.23
MinimumVisualStudioVersion = 10.0.40219.1
Project("{2150E333-8FDC-42A3-9474-1A3956D46DE8}") = "Week01", "Week01", "{5F12A78A-12C7-452E-99F7-189AA017EBFA}"
EndProject
Project("{9A19103F-16F7-4668-BE54-9A1E7A4F7556}") = "Week01_1_Intro", "Week01_1_Intro\Week01_1_Intro.csproj", "{E575F3EF-7AE0-4AE3-A7E4-FBD8077A0B44}"
EndProject
Project("{9A19103F-16F7-4668-BE54-9A1E7A4F7556}") = "Week01_2_Intro_UnitTests", "Week01_2_Intro_UnitTests\Week01_2_Intro_UnitTests.csproj", "{2AA99D46-154A-4162-8394-F359939DB7B0}"
EndProject
Project("{9A19103F-16F7-4668-BE54-9A1E7A4F7556}") = "Week01_3_AssemblyDebug", "Week01_3_AssemblyDebug\Week01_3_AssemblyDebug.csproj", "{8A4021DD-3288-44DC-80C6-0BDC70BDB9F6}"
EndProject
Project("{9A19103F-16F7-4668-BE54-9A1E7A4F7556}") = "Week01_4_Lambda", "Week01_4_Lambda\Week01_4_Lambda.csproj", "{5A891506-09E2-42BD-96A7-A84FA0077561}"
EndProject
Project("{2150E333-8FDC-42A3-9474-1A3956D46DE8}") = "Week02", "Week02", "{8B4595D0-43B8-4C54-9DF7-C731CBD2C1D7}"
EndProject
Project("{9A19103F-16F7-4668-BE54-9A1E7A4F7556}") = "Week02_1_Attributes", "Week02_1_Attributes\Week02_1_Attributes.csproj", "{F4B2D48A-DF32-43DD-9501-5D43D454AAEC}"
EndProject
Project("{9A19103F-16F7-4668-BE54-9A1E7A4F7556}") = "Week02_2_Serialization", "Week02_2_Serialization\Week02_2_Serialization.csproj", "{C23A5D1A-7016-4C6B-A6EE-4E29E4952D5F}"
EndProject
Project("{2150E333-8FDC-42A3-9474-1A3956D46DE8}") = "Week03", "Week03", "{6A7574E3-1086-455C-9B83-57BA59E30CF7}"
EndProject
Project("{9A19103F-16F7-4668-BE54-9A1E7A4F7556}") = "Week03_1_Reflection", "Week03_1_Reflection\Week03_1_Reflection.csproj", "{261F06E6-DFAE-4BE0-803D-77F956499921}"
EndProject
Project("{9A19103F-16F7-4668-BE54-9A1E7A4F7556}") = "Week03_2_SqlQueryBuilder", "Week03_2_SqlQueryBuilder\Week03_2_SqlQueryBuilder.csproj", "{3D8472B2-214D-4F00-8E29-B900E4C8EAE3}"
EndProject
Project("{9A19103F-16F7-4668-BE54-9A1E7A4F7556}") = "Week04_1_Expressions", "Week04_1_Expressions\Week04_1_Expressions.csproj", "{08F1E71E-9F97-471C-92C4-43C62C02B44A}"
EndProject
Project("{9A19103F-16F7-4668-BE54-9A1E7A4F7556}") = "Week03_3_DynamicKeyword", "Week03_3_DynamicKeyword\Week03_3_DynamicKeyword.csproj", "{63D1A1B3-2329-4FFA-80A1-02E8713B61A3}"
EndProject
Project("{2150E333-8FDC-42A3-9474-1A3956D46DE8}") = "Week04", "Week04", "{FA53BBDA-026C-4E27-97C9-CC4FB1D3847A}"
EndProject
Project("{9A19103F-16F7-4668-BE54-9A1E7A4F7556}") = "Week04_2_ExpressionVisitors", "Week04_2_ExpressionVisitors\Week04_2_ExpressionVisitors.csproj", "{C8B2CC5D-8E47-4B4B-9CD7-8EC920952BFD}"
EndProject
Project("{2150E333-8FDC-42A3-9474-1A3956D46DE8}") = "Week05", "Week05", "{C3C376EE-02B6-41BD-99BF-368E499303C7}"
EndProject
Project("{9A19103F-16F7-4668-BE54-9A1E7A4F7556}") = "Week05_1_AsyncEx", "Week05_1_AsyncEx\Week05_1_AsyncEx.csproj", "{C46C2463-0F31-4EBE-B6A4-06009C55AF51}"
EndProject
Project("{FAE04EC0-301F-11D3-BF4B-00C04F79EFBC}") = "Week05_2_ErrorHandling", "Week05_2_ErrorHandling\Week05_2_ErrorHandling.csproj", "{83AC43B7-9646-4B68-8246-05E920ABE1D9}"
EndProject
Project("{FAE04EC0-301F-11D3-BF4B-00C04F79EFBC}") = "Week05_3_MultiTask_WhenAny", "Week05_3_MultiTask_WhenAny\Week05_3_MultiTask_WhenAny.csproj", "{0D1A6851-7784-4F69-A69C-C567E329BD4B}"
EndProject
Global
	GlobalSection(SolutionConfigurationPlatforms) = preSolution
		Debug|Any CPU = Debug|Any CPU
		Release|Any CPU = Release|Any CPU
	EndGlobalSection
	GlobalSection(ProjectConfigurationPlatforms) = postSolution
		{E575F3EF-7AE0-4AE3-A7E4-FBD8077A0B44}.Debug|Any CPU.ActiveCfg = Debug|Any CPU
		{E575F3EF-7AE0-4AE3-A7E4-FBD8077A0B44}.Debug|Any CPU.Build.0 = Debug|Any CPU
		{E575F3EF-7AE0-4AE3-A7E4-FBD8077A0B44}.Release|Any CPU.ActiveCfg = Release|Any CPU
		{E575F3EF-7AE0-4AE3-A7E4-FBD8077A0B44}.Release|Any CPU.Build.0 = Release|Any CPU
		{2AA99D46-154A-4162-8394-F359939DB7B0}.Debug|Any CPU.ActiveCfg = Debug|Any CPU
		{2AA99D46-154A-4162-8394-F359939DB7B0}.Debug|Any CPU.Build.0 = Debug|Any CPU
		{2AA99D46-154A-4162-8394-F359939DB7B0}.Release|Any CPU.ActiveCfg = Release|Any CPU
		{2AA99D46-154A-4162-8394-F359939DB7B0}.Release|Any CPU.Build.0 = Release|Any CPU
		{8A4021DD-3288-44DC-80C6-0BDC70BDB9F6}.Debug|Any CPU.ActiveCfg = Debug|Any CPU
		{8A4021DD-3288-44DC-80C6-0BDC70BDB9F6}.Debug|Any CPU.Build.0 = Debug|Any CPU
		{8A4021DD-3288-44DC-80C6-0BDC70BDB9F6}.Release|Any CPU.ActiveCfg = Release|Any CPU
		{8A4021DD-3288-44DC-80C6-0BDC70BDB9F6}.Release|Any CPU.Build.0 = Release|Any CPU
		{5A891506-09E2-42BD-96A7-A84FA0077561}.Debug|Any CPU.ActiveCfg = Debug|Any CPU
		{5A891506-09E2-42BD-96A7-A84FA0077561}.Debug|Any CPU.Build.0 = Debug|Any CPU
		{5A891506-09E2-42BD-96A7-A84FA0077561}.Release|Any CPU.ActiveCfg = Release|Any CPU
		{5A891506-09E2-42BD-96A7-A84FA0077561}.Release|Any CPU.Build.0 = Release|Any CPU
		{F4B2D48A-DF32-43DD-9501-5D43D454AAEC}.Debug|Any CPU.ActiveCfg = Debug|Any CPU
		{F4B2D48A-DF32-43DD-9501-5D43D454AAEC}.Debug|Any CPU.Build.0 = Debug|Any CPU
		{F4B2D48A-DF32-43DD-9501-5D43D454AAEC}.Release|Any CPU.ActiveCfg = Release|Any CPU
		{F4B2D48A-DF32-43DD-9501-5D43D454AAEC}.Release|Any CPU.Build.0 = Release|Any CPU
		{C23A5D1A-7016-4C6B-A6EE-4E29E4952D5F}.Debug|Any CPU.ActiveCfg = Debug|Any CPU
		{C23A5D1A-7016-4C6B-A6EE-4E29E4952D5F}.Debug|Any CPU.Build.0 = Debug|Any CPU
		{C23A5D1A-7016-4C6B-A6EE-4E29E4952D5F}.Release|Any CPU.ActiveCfg = Release|Any CPU
		{C23A5D1A-7016-4C6B-A6EE-4E29E4952D5F}.Release|Any CPU.Build.0 = Release|Any CPU
		{261F06E6-DFAE-4BE0-803D-77F956499921}.Debug|Any CPU.ActiveCfg = Debug|Any CPU
		{261F06E6-DFAE-4BE0-803D-77F956499921}.Debug|Any CPU.Build.0 = Debug|Any CPU
		{261F06E6-DFAE-4BE0-803D-77F956499921}.Release|Any CPU.ActiveCfg = Release|Any CPU
		{261F06E6-DFAE-4BE0-803D-77F956499921}.Release|Any CPU.Build.0 = Release|Any CPU
		{3D8472B2-214D-4F00-8E29-B900E4C8EAE3}.Debug|Any CPU.ActiveCfg = Debug|Any CPU
		{3D8472B2-214D-4F00-8E29-B900E4C8EAE3}.Debug|Any CPU.Build.0 = Debug|Any CPU
		{3D8472B2-214D-4F00-8E29-B900E4C8EAE3}.Release|Any CPU.ActiveCfg = Release|Any CPU
		{3D8472B2-214D-4F00-8E29-B900E4C8EAE3}.Release|Any CPU.Build.0 = Release|Any CPU
		{08F1E71E-9F97-471C-92C4-43C62C02B44A}.Debug|Any CPU.ActiveCfg = Debug|Any CPU
		{08F1E71E-9F97-471C-92C4-43C62C02B44A}.Debug|Any CPU.Build.0 = Debug|Any CPU
		{08F1E71E-9F97-471C-92C4-43C62C02B44A}.Release|Any CPU.ActiveCfg = Release|Any CPU
		{08F1E71E-9F97-471C-92C4-43C62C02B44A}.Release|Any CPU.Build.0 = Release|Any CPU
		{63D1A1B3-2329-4FFA-80A1-02E8713B61A3}.Debug|Any CPU.ActiveCfg = Debug|Any CPU
		{63D1A1B3-2329-4FFA-80A1-02E8713B61A3}.Debug|Any CPU.Build.0 = Debug|Any CPU
		{63D1A1B3-2329-4FFA-80A1-02E8713B61A3}.Release|Any CPU.ActiveCfg = Release|Any CPU
		{63D1A1B3-2329-4FFA-80A1-02E8713B61A3}.Release|Any CPU.Build.0 = Release|Any CPU
		{C8B2CC5D-8E47-4B4B-9CD7-8EC920952BFD}.Debug|Any CPU.ActiveCfg = Debug|Any CPU
		{C8B2CC5D-8E47-4B4B-9CD7-8EC920952BFD}.Debug|Any CPU.Build.0 = Debug|Any CPU
		{C8B2CC5D-8E47-4B4B-9CD7-8EC920952BFD}.Release|Any CPU.ActiveCfg = Release|Any CPU
		{C8B2CC5D-8E47-4B4B-9CD7-8EC920952BFD}.Release|Any CPU.Build.0 = Release|Any CPU
		{C46C2463-0F31-4EBE-B6A4-06009C55AF51}.Debug|Any CPU.ActiveCfg = Debug|Any CPU
		{C46C2463-0F31-4EBE-B6A4-06009C55AF51}.Debug|Any CPU.Build.0 = Debug|Any CPU
		{C46C2463-0F31-4EBE-B6A4-06009C55AF51}.Release|Any CPU.ActiveCfg = Release|Any CPU
		{C46C2463-0F31-4EBE-B6A4-06009C55AF51}.Release|Any CPU.Build.0 = Release|Any CPU
		{83AC43B7-9646-4B68-8246-05E920ABE1D9}.Debug|Any CPU.ActiveCfg = Debug|Any CPU
		{83AC43B7-9646-4B68-8246-05E920ABE1D9}.Debug|Any CPU.Build.0 = Debug|Any CPU
		{83AC43B7-9646-4B68-8246-05E920ABE1D9}.Release|Any CPU.ActiveCfg = Release|Any CPU
		{83AC43B7-9646-4B68-8246-05E920ABE1D9}.Release|Any CPU.Build.0 = Release|Any CPU
		{0D1A6851-7784-4F69-A69C-C567E329BD4B}.Debug|Any CPU.ActiveCfg = Debug|Any CPU
		{0D1A6851-7784-4F69-A69C-C567E329BD4B}.Debug|Any CPU.Build.0 = Debug|Any CPU
		{0D1A6851-7784-4F69-A69C-C567E329BD4B}.Release|Any CPU.ActiveCfg = Release|Any CPU
		{0D1A6851-7784-4F69-A69C-C567E329BD4B}.Release|Any CPU.Build.0 = Release|Any CPU
	EndGlobalSection
	GlobalSection(SolutionProperties) = preSolution
		HideSolutionNode = FALSE
	EndGlobalSection
	GlobalSection(NestedProjects) = preSolution
		{E575F3EF-7AE0-4AE3-A7E4-FBD8077A0B44} = {5F12A78A-12C7-452E-99F7-189AA017EBFA}
		{2AA99D46-154A-4162-8394-F359939DB7B0} = {5F12A78A-12C7-452E-99F7-189AA017EBFA}
		{8A4021DD-3288-44DC-80C6-0BDC70BDB9F6} = {5F12A78A-12C7-452E-99F7-189AA017EBFA}
		{5A891506-09E2-42BD-96A7-A84FA0077561} = {5F12A78A-12C7-452E-99F7-189AA017EBFA}
		{F4B2D48A-DF32-43DD-9501-5D43D454AAEC} = {8B4595D0-43B8-4C54-9DF7-C731CBD2C1D7}
		{C23A5D1A-7016-4C6B-A6EE-4E29E4952D5F} = {8B4595D0-43B8-4C54-9DF7-C731CBD2C1D7}
		{261F06E6-DFAE-4BE0-803D-77F956499921} = {6A7574E3-1086-455C-9B83-57BA59E30CF7}
		{3D8472B2-214D-4F00-8E29-B900E4C8EAE3} = {6A7574E3-1086-455C-9B83-57BA59E30CF7}
		{08F1E71E-9F97-471C-92C4-43C62C02B44A} = {FA53BBDA-026C-4E27-97C9-CC4FB1D3847A}
		{63D1A1B3-2329-4FFA-80A1-02E8713B61A3} = {6A7574E3-1086-455C-9B83-57BA59E30CF7}
		{C8B2CC5D-8E47-4B4B-9CD7-8EC920952BFD} = {FA53BBDA-026C-4E27-97C9-CC4FB1D3847A}
		{C46C2463-0F31-4EBE-B6A4-06009C55AF51} = {C3C376EE-02B6-41BD-99BF-368E499303C7}
		{83AC43B7-9646-4B68-8246-05E920ABE1D9} = {C3C376EE-02B6-41BD-99BF-368E499303C7}
		{0D1A6851-7784-4F69-A69C-C567E329BD4B} = {C3C376EE-02B6-41BD-99BF-368E499303C7}
	EndGlobalSection
	GlobalSection(ExtensibilityGlobals) = postSolution
		SolutionGuid = {69AB309A-B5F8-477F-9BB5-8E42A4EFD61A}
	EndGlobalSection
EndGlobal
